Microsoft Visual Studio Solution File, Format Version 11.00
# Visual Studio 2008

Project("{C4614823-8A91-FC7E-688F-B961F54CDD02}") = "chem", "Assembly-CSharp-vs.csproj", "{D6BFD095-881C-14F9-5C94-CC5DC9445C2E}"
EndProject
Project("{C4614823-8A91-FC7E-688F-B961F54CDD02}") = "chem", "Assembly-CSharp-Editor-vs.csproj", "{6E424026-30EB-0DFC-7B30-3251132F2D85}"
EndProject
Global
	GlobalSection(SolutionConfigurationPlatforms) = preSolution
		Debug|Any CPU = Debug|Any CPU
		Release|Any CPU = Release|Any CPU
	EndGlobalSection
	GlobalSection(ProjectConfigurationPlatforms) = postSolution
		{D6BFD095-881C-14F9-5C94-CC5DC9445C2E}.Debug|Any CPU.ActiveCfg = Debug|Any CPU
		{D6BFD095-881C-14F9-5C94-CC5DC9445C2E}.Debug|Any CPU.Build.0 = Debug|Any CPU
		{D6BFD095-881C-14F9-5C94-CC5DC9445C2E}.Release|Any CPU.ActiveCfg = Release|Any CPU
		{D6BFD095-881C-14F9-5C94-CC5DC9445C2E}.Release|Any CPU.Build.0 = Release|Any CPU
		{6E424026-30EB-0DFC-7B30-3251132F2D85}.Debug|Any CPU.ActiveCfg = Debug|Any CPU
		{6E424026-30EB-0DFC-7B30-3251132F2D85}.Debug|Any CPU.Build.0 = Debug|Any CPU
		{6E424026-30EB-0DFC-7B30-3251132F2D85}.Release|Any CPU.ActiveCfg = Release|Any CPU
		{6E424026-30EB-0DFC-7B30-3251132F2D85}.Release|Any CPU.Build.0 = Release|Any CPU
	EndGlobalSection
	GlobalSection(SolutionProperties) = preSolution
		HideSolutionNode = FALSE
	EndGlobalSection
														GlobalSection(MonoDevelopProperties) = preSolution
		StartupItem = Assembly-CSharp.csproj
		Policies = $0
		$0.TextStylePolicy = $1
		$1.inheritsSet = null
		$1.scope = text/x-csharp
		$0.CSharpFormattingPolicy = $2
		$2.inheritsSet = Mono
		$2.inheritsScope = text/x-csharp
		$2.scope = text/x-csharp
		$0.TextStylePolicy = $3
		$3.FileWidth = 120
		$3.TabWidth = 4
		$3.IndentWidth = 4
		$3.EolMarker = Unix
		$3.inheritsSet = Mono
		$3.inheritsScope = text/plain
		$3.scope = text/plain
	EndGlobalSection

EndGlobal
